
Microsoft Visual Studio Solution File, Format Version 12.00
# Visual Studio Version 17
VisualStudioVersion = 17.7.34018.315
MinimumVisualStudioVersion = 10.0.40219.1
Project("{9A19103F-16F7-4668-BE54-9A1E7A4F7556}") = "TheTwilightOrder.Client", "The Twilight Order\Client\TheTwilightOrder.Client.csproj", "{43AEA898-B0A4-49C7-9070-2D945B1EE10F}"
EndProject
Project("{9A19103F-16F7-4668-BE54-9A1E7A4F7556}") = "TheTwilightOrder.Shared", "The Twilight Order\Shared\TheTwilightOrder.Shared.csproj", "{A4BCE937-78C0-49D9-B439-98F5771D0830}"
EndProject
Project("{9A19103F-16F7-4668-BE54-9A1E7A4F7556}") = "TheTwilightOrder.Server", "The Twilight Order\Server\TheTwilightOrder.Server.csproj", "{627136C3-F6F3-4F45-B79A-3413B6424A5C}"
EndProject
Project("{9A19103F-16F7-4668-BE54-9A1E7A4F7556}") = "TheTwilightOrder.GameServer", "The Twilight Order\TheTwilightOrder.GameServer\TheTwilightOrder.GameServer.csproj", "{C7F60C0C-BB0B-4D8A-9E71-953CD25ED666}"
EndProject
Global
	GlobalSection(SolutionConfigurationPlatforms) = preSolution
		Debug|Any CPU = Debug|Any CPU
		Release|Any CPU = Release|Any CPU
	EndGlobalSection
	GlobalSection(ProjectConfigurationPlatforms) = postSolution
		{43AEA898-B0A4-49C7-9070-2D945B1EE10F}.Debug|Any CPU.ActiveCfg = Debug|Any CPU
		{43AEA898-B0A4-49C7-9070-2D945B1EE10F}.Debug|Any CPU.Build.0 = Debug|Any CPU
		{43AEA898-B0A4-49C7-9070-2D945B1EE10F}.Release|Any CPU.ActiveCfg = Release|Any CPU
		{43AEA898-B0A4-49C7-9070-2D945B1EE10F}.Release|Any CPU.Build.0 = Release|Any CPU
		{A4BCE937-78C0-49D9-B439-98F5771D0830}.Debug|Any CPU.ActiveCfg = Debug|Any CPU
		{A4BCE937-78C0-49D9-B439-98F5771D0830}.Debug|Any CPU.Build.0 = Debug|Any CPU
		{A4BCE937-78C0-49D9-B439-98F5771D0830}.Release|Any CPU.ActiveCfg = Release|Any CPU
		{A4BCE937-78C0-49D9-B439-98F5771D0830}.Release|Any CPU.Build.0 = Release|Any CPU
		{627136C3-F6F3-4F45-B79A-3413B6424A5C}.Debug|Any CPU.ActiveCfg = Debug|Any CPU
		{627136C3-F6F3-4F45-B79A-3413B6424A5C}.Debug|Any CPU.Build.0 = Debug|Any CPU
		{627136C3-F6F3-4F45-B79A-3413B6424A5C}.Release|Any CPU.ActiveCfg = Release|Any CPU
		{627136C3-F6F3-4F45-B79A-3413B6424A5C}.Release|Any CPU.Build.0 = Release|Any CPU
		{C7F60C0C-BB0B-4D8A-9E71-953CD25ED666}.Debug|Any CPU.ActiveCfg = Debug|Any CPU
		{C7F60C0C-BB0B-4D8A-9E71-953CD25ED666}.Debug|Any CPU.Build.0 = Debug|Any CPU
		{C7F60C0C-BB0B-4D8A-9E71-953CD25ED666}.Release|Any CPU.ActiveCfg = Release|Any CPU
		{C7F60C0C-BB0B-4D8A-9E71-953CD25ED666}.Release|Any CPU.Build.0 = Release|Any CPU
	EndGlobalSection
	GlobalSection(SolutionProperties) = preSolution
		HideSolutionNode = FALSE
	EndGlobalSection
	GlobalSection(ExtensibilityGlobals) = postSolution
		SolutionGuid = {33DF2385-D907-47CB-A2CE-1B4A40792451}
	EndGlobalSection
EndGlobal
